
Microsoft Visual Studio Solution File, Format Version 12.00
# Visual Studio 2012
Project("{2150E333-8FDC-42A3-9474-1A3956D46DE8}") = ".nuget", ".nuget", "{37518618-BC47-42F9-B2B8-5293EE7E6B66}"
	ProjectSection(SolutionItems) = preProject
		.nuget\NuGet.Config = .nuget\NuGet.Config
		.nuget\NuGet.targets = .nuget\NuGet.targets
	EndProjectSection
EndProject
Project("{FAE04EC0-301F-11D3-BF4B-00C04F79EFBC}") = "RunrunIt4Net", "RunrunIt4Net\RunrunIt4Net.csproj", "{2F3998C7-C04D-41F9-9250-EA5F167B941D}"
EndProject
Project("{FAE04EC0-301F-11D3-BF4B-00C04F79EFBC}") = "RunrunIt4Net.Tests", "RunrunIt4Net.Tests\RunrunIt4Net.Tests.csproj", "{C47F7F1F-DA91-4ED9-BB35-921C0870D214}"
EndProject
Global
	GlobalSection(SolutionConfigurationPlatforms) = preSolution
		Debug|Any CPU = Debug|Any CPU
		Release|Any CPU = Release|Any CPU
	EndGlobalSection
	GlobalSection(ProjectConfigurationPlatforms) = postSolution
		{2F3998C7-C04D-41F9-9250-EA5F167B941D}.Debug|Any CPU.ActiveCfg = Debug|Any CPU
		{2F3998C7-C04D-41F9-9250-EA5F167B941D}.Debug|Any CPU.Build.0 = Debug|Any CPU
		{2F3998C7-C04D-41F9-9250-EA5F167B941D}.Release|Any CPU.ActiveCfg = Release|Any CPU
		{2F3998C7-C04D-41F9-9250-EA5F167B941D}.Release|Any CPU.Build.0 = Release|Any CPU
		{C47F7F1F-DA91-4ED9-BB35-921C0870D214}.Debug|Any CPU.ActiveCfg = Debug|Any CPU
		{C47F7F1F-DA91-4ED9-BB35-921C0870D214}.Debug|Any CPU.Build.0 = Debug|Any CPU
		{C47F7F1F-DA91-4ED9-BB35-921C0870D214}.Release|Any CPU.ActiveCfg = Release|Any CPU
		{C47F7F1F-DA91-4ED9-BB35-921C0870D214}.Release|Any CPU.Build.0 = Release|Any CPU
	EndGlobalSection
	GlobalSection(SolutionProperties) = preSolution
		HideSolutionNode = FALSE
	EndGlobalSection
EndGlobal
